// !$*UTF8*$!
{
	archiveVersion = 1;
	classes = {
	};
	objectVersion = 46;
	objects = {

		AE0DD04C47178B0204585B64 = {isa = PBXBuildFile; fileRef = 1BE4D0C77A94561BE979219A; };
		AFA172DEC4B8359BF2951BDA = {isa = PBXBuildFile; fileRef = 566F321E7D27E55209087107; };
		2191AC55304C79B4C6AF8F59 = {isa = PBXBuildFile; fileRef = F3F218C5C82F4247F399BFBD; };
		195DF00550DA091F721558D4 = {isa = PBXBuildFile; fileRef = 778C933B7D4EBBFFCFB483A5; };
		1BE950DB88F3E809AAA05325 = {isa = PBXBuildFile; fileRef = E9A7332809735873AE6D2F96; };
		6E0DD1C6E9F9D1781BE3B7CA = {isa = PBXBuildFile; fileRef = C8E303C20A3C0D7061B99FBF; };
		56EE33E6503969A20BCBCE98 = {isa = PBXBuildFile; fileRef = 525DBF116B4DFA174EBB9B4C; };
		20C3E0F47C81EF1DB9961E9A = {isa = PBXBuildFile; fileRef = 8EC383FE9D03A0DE04D796C5; };
		69E216AACFA4BDBA9338DF2D = {isa = PBXBuildFile; fileRef = AE8F7B28EA96AF7133D8B6DE; };
		9C27D2FB1D19683D6C5C2B1D = {isa = PBXBuildFile; fileRef = 6C3DB39913A2CC2CE6B77527; };
		69B5BC103D80A5F241F93A00 = {isa = PBXBuildFile; fileRef = 93C459BA172AAEBAF36EF5F9; };
		C399368334DE3C11EA14682D = {isa = PBXBuildFile; fileRef = D5E4EF73943B544C7C995B17; };
		1FFADB748D0C22C0AF3759FE = {isa = PBXBuildFile; fileRef = D6504167794B85F17E6A0626; };
		5DA213ADFE61FDDB95A9FF4C = {isa = PBXBuildFile; fileRef = A2404AC8C24A8D8ED8B4F421; };
		644A8449BB0E93B50863A65C = {isa = PBXBuildFile; fileRef = 64E686BCD9F20D6BBB7403B0; };
		8C190E2BE313CECFA286A1C5 = {isa = PBXBuildFile; fileRef = ACD181CFBB2889441BB877E0; };
		1A7458C5BFB0E0068B3D96B2 = {isa = PBXBuildFile; fileRef = 5B5C63887986E32E4169FD33; };
		842F6669CE8246851DE0C4FD = {isa = PBXBuildFile; fileRef = 547FF42920DCC60539A109AA; };
		11EE715B52412AEBC10953BE = {isa = PBXBuildFile; fileRef = 190717BB994725951DC6F4BA; };
		155814397D49EEE435767854 = {isa = PBXBuildFile; fileRef = 193D25A0FFD8FAA2105E350F; };
		4B49B5BC4FF43D511A55DCC3 = {isa = PBXBuildFile; fileRef = 7D98195A514F24F463EB584A; };
		27AAFD5B68FDCE7C88823D82 = {isa = PBXBuildFile; fileRef = E0D091A16D365D3431BF7040; };
		47B92FE28AFA35B2C56B4E3E = {isa = PBXBuildFile; fileRef = C0DCE9DC4011F81069AEA3E6; };
		F93C7058484F78C1A2E1A9C9 = {isa = PBXBuildFile; fileRef = C6C56BA2601590B6EC707315; };
		256299121384A26AF178CF91 = {isa = PBXBuildFile; fileRef = 8156EAB1372962854C020520; };
		DC727F126C4EBB1A9B34D06A = {isa = PBXBuildFile; fileRef = BCD7857D206A91FDD5995CE5; };
		4B9692CC98E00C6BBDE96719 = {isa = PBXBuildFile; fileRef = A793C7FC35A531C5508936BF; };
		2FC44BC3685FA7C9E57DC335 = {isa = PBXBuildFile; fileRef = EBFEBA09782785BB0252B672; };
		999A6F38BD17F3ED6E53E851 = {isa = PBXBuildFile; fileRef = 508EB853F6E92888C9A32915; };
		B15A3E491FAF62AB813A1EEB = {isa = PBXBuildFile; fileRef = B8D01D7A37D61797DA0E68CB; };
		46649058ED07D7B97C76DD3B = {isa = PBXBuildFile; fileRef = 843E425E8AFBB6D73071DBDE; };
		996AEA59DB39960961D540C5 = {isa = PBXBuildFile; fileRef = B3AF30632EC91826D8D767AC; };
		FDA9303C099B8F63B3576441 = {isa = PBXBuildFile; fileRef = A8D0473BAE62973DD7264C77; };
		229C68904C1F85AF3BEC2C0F = {isa = PBXBuildFile; fileRef = 582832B6CE28C1D41694BB90; };
		04559B6163D3BE78C76F0A74 = {isa = PBXBuildFile; fileRef = 4F84895CE15ABB043554903C; };
		EF7649A6063D03561B0E684B = {isa = PBXBuildFile; fileRef = 3098B5329BEC637512A3B38D; };
		24DBF1122C40CF685EC682A8 = {isa = PBXBuildFile; fileRef = A608E7F2E6A928AB7EE34AF8; };
		6F0A3E89836CD8DED11C9039 = {isa = PBXBuildFile; fileRef = EC578A0BF2D0B907622ED351; };
		E3F9C3D6D784D44B0C92F207 = {isa = PBXBuildFile; fileRef = 03DA5F10F9D31E4FE200D704; };
		D1430F9D45377F062419FAE5 = {isa = PBXBuildFile; fileRef = 712E89FD079DDEEE757BB2CF; };
		9EDD8CC96974C92CE8335497 = {isa = PBXBuildFile; fileRef = AEF338A32A5FE56C92D1C424; };
		EB49C99A10E5466E49AB0E3F = {isa = PBXBuildFile; fileRef = 35F2CB3E47ACCCE4BB0CDA08; };
		0A6CF59C9A045A30A793620C = {isa = PBXBuildFile; fileRef = 1FDDFD6CFBFAE07981AE9E7D; };
		541C245050C625A5A8CB5E9C = {isa = PBXBuildFile; fileRef = F83C5ADE757A831521EFD167; };
		94D2FAC6C364543E9FE1AACF = {isa = PBXBuildFile; fileRef = 75808D61811FC5D494FC5CA6; };
		2A18093CCD7D7583C0692556 = {isa = PBXBuildFile; fileRef = 5786EC78FB7727339A20D986; };
		83E107F8918C1B40CA84A138 = {isa = PBXBuildFile; fileRef = 8BE6056055D1D0EAAE78EF41; };
		AED0C95EC51BF00099FF1476 = {isa = PBXBuildFile; fileRef = 41392FBE7A485DD3F2E75AC6; };
		03DA5F10F9D31E4FE200D704 = {isa = PBXFileReference; lastKnownFileType = sourcecode.cpp.objcpp; name = "include_juce_core.mm"; path = "../../JuceLibraryCode/include_juce_core.mm"; sourceTree = "SOURCE_ROOT"; };
		12CE0105511A1EA54F70B66E = {isa = PBXFileReference; lastKnownFileType = file; name = "juce_core"; path = "/Applications/JUCE/modules/juce_core"; sourceTree = "<absolute>"; };
		190717BB994725951DC6F4BA = {isa = PBXFileReference; lastKnownFileType = wrapper.framework; name = OpenGL.framework; path = System/Library/Frameworks/OpenGL.framework; sourceTree = SDKROOT; };
		193D25A0FFD8FAA2105E350F = {isa = PBXFileReference; lastKnownFileType = wrapper.framework; name = QuartzCore.framework; path = System/Library/Frameworks/QuartzCore.framework; sourceTree = SDKROOT; };
		1BE4D0C77A94561BE979219A = {isa = PBXFileReference; explicitFileType = wrapper.cfbundle; includeInIndex = 0; path = SimpleBinauralPanner.vst; sourceTree = "BUILT_PRODUCTS_DIR"; };
		1FDDFD6CFBFAE07981AE9E7D = {isa = PBXFileReference; lastKnownFileType = sourcecode.cpp.objcpp; name = "include_juce_events.mm"; path = "../../JuceLibraryCode/include_juce_events.mm"; sourceTree = "SOURCE_ROOT"; };
		1FE382FBA3CCADD2CFD931D7 = {isa = PBXFileReference; lastKnownFileType = file; name = "juce_audio_processors"; path = "/Applications/JUCE/modules/juce_audio_processors"; sourceTree = "<absolute>"; };
		21951B2E495822519D7229AD = {isa = PBXFileReference; lastKnownFileType = sourcecode.c.h; name = PluginProcessor.h; path = ../../Source/PluginProcessor.h; sourceTree = "SOURCE_ROOT"; };
		247E8D7C5714D69A85976B61 = {isa = PBXFileReference; lastKnownFileType = file; name = "juce_audio_plugin_client"; path = "/Applications/JUCE/modules/juce_audio_plugin_client"; sourceTree = "<absolute>"; };
		3098B5329BEC637512A3B38D = {isa = PBXFileReference; lastKnownFileType = sourcecode.cpp.cpp; name = "include_juce_audio_plugin_client_VST3.cpp"; path = "../../JuceLibraryCode/include_juce_audio_plugin_client_VST3.cpp"; sourceTree = "SOURCE_ROOT"; };
		330638A6860AAFD559ACACCC = {isa = PBXFileReference; lastKnownFileType = text.plist.xml; name = "Info-VST.plist"; path = "Info-VST.plist"; sourceTree = "SOURCE_ROOT"; };
		3378D8F76919806920D80512 = {isa = PBXFileReference; lastKnownFileType = file; name = "juce_data_structures"; path = "/Applications/JUCE/modules/juce_data_structures"; sourceTree = "<absolute>"; };
		35F2CB3E47ACCCE4BB0CDA08 = {isa = PBXFileReference; lastKnownFileType = sourcecode.cpp.objcpp; name = "include_juce_dsp.mm"; path = "../../JuceLibraryCode/include_juce_dsp.mm"; sourceTree = "SOURCE_ROOT"; };
		3996F086F85DDF19D05186D1 = {isa = PBXFileReference; lastKnownFileType = file; name = "juce_graphics"; path = "/Applications/JUCE/modules/juce_graphics"; sourceTree = "<absolute>"; };
		41392FBE7A485DD3F2E75AC6 = {isa = PBXFileReference; lastKnownFileType = sourcecode.cpp.objcpp; name = "include_juce_video.mm"; path = "../../JuceLibraryCode/include_juce_video.mm"; sourceTree = "SOURCE_ROOT"; };
		4C43ED0F7369D5F9E980349D = {isa = PBXFileReference; lastKnownFileType = text.plist.xml; name = SimpleBinauralPanner.entitlements; path = SimpleBinauralPanner.entitlements; sourceTree = "SOURCE_ROOT"; };
		4F84895CE15ABB043554903C = {isa = PBXFileReference; lastKnownFileType = sourcecode.cpp.cpp; name = "include_juce_audio_plugin_client_VST2.cpp"; path = "../../JuceLibraryCode/include_juce_audio_plugin_client_VST2.cpp"; sourceTree = "SOURCE_ROOT"; };
		508EB853F6E92888C9A32915 = {isa = PBXFileReference; lastKnownFileType = file.r; name = "include_juce_audio_plugin_client_AU.r"; path = "../../JuceLibraryCode/include_juce_audio_plugin_client_AU.r"; sourceTree = "SOURCE_ROOT"; };
		525DBF116B4DFA174EBB9B4C = {isa = PBXFileReference; lastKnownFileType = wrapper.framework; name = AudioToolbox.framework; path = System/Library/Frameworks/AudioToolbox.framework; sourceTree = SDKROOT; };
		547FF42920DCC60539A109AA = {isa = PBXFileReference; lastKnownFileType = wrapper.framework; name = IOKit.framework; path = System/Library/Frameworks/IOKit.framework; sourceTree = SDKROOT; };
		566F321E7D27E55209087107 = {isa = PBXFileReference; explicitFileType = wrapper.cfbundle; includeInIndex = 0; path = SimpleBinauralPanner.vst3; sourceTree = "BUILT_PRODUCTS_DIR"; };
		5786EC78FB7727339A20D986 = {isa = PBXFileReference; lastKnownFileType = sourcecode.cpp.objcpp; name = "include_juce_gui_extra.mm"; path = "../../JuceLibraryCode/include_juce_gui_extra.mm"; sourceTree = "SOURCE_ROOT"; };
		582832B6CE28C1D41694BB90 = {isa = PBXFileReference; lastKnownFileType = sourcecode.cpp.objcpp; name = "include_juce_audio_plugin_client_VST_utils.mm"; path = "../../JuceLibraryCode/include_juce_audio_plugin_client_VST_utils.mm"; sourceTree = "SOURCE_ROOT"; };
		5B5C63887986E32E4169FD33 = {isa = PBXFileReference; lastKnownFileType = wrapper.framework; name = DiscRecording.framework; path = System/Library/Frameworks/DiscRecording.framework; sourceTree = SDKROOT; };
		5EA47A7D0B2F5BA9E0C3BA78 = {isa = PBXFileReference; lastKnownFileType = sourcecode.c.h; name = HeadImage.h; path = ../../Source/HeadImage.h; sourceTree = "SOURCE_ROOT"; };
		600277367ABF85F31AB94480 = {isa = PBXFileReference; lastKnownFileType = sourcecode.c.h; name = HRIR3D.h; path = ../../Source/HRIR3D.h; sourceTree = "SOURCE_ROOT"; };
		64E686BCD9F20D6BBB7403B0 = {isa = PBXFileReference; lastKnownFileType = wrapper.framework; name = CoreMedia.framework; path = System/Library/Frameworks/CoreMedia.framework; sourceTree = SDKROOT; };
		67B0756CCB1376F6098E2199 = {isa = PBXFileReference; lastKnownFileType = text.plist.xml; name = "Info-Standalone_Plugin.plist"; path = "Info-Standalone_Plugin.plist"; sourceTree = "SOURCE_ROOT"; };
		6A25E18584F5BB578E92A4A0 = {isa = PBXFileReference; lastKnownFileType = file; name = "juce_gui_extra"; path = "/Applications/JUCE/modules/juce_gui_extra"; sourceTree = "<absolute>"; };
		6C3DB39913A2CC2CE6B77527 = {isa = PBXFileReference; lastKnownFileType = wrapper.framework; name = AVKit.framework; path = System/Library/Frameworks/AVKit.framework; sourceTree = SDKROOT; };
		6DD11161AE19969DDAC13FA7 = {isa = PBXFileReference; lastKnownFileType = text.plist.xml; name = "Info-VST3.plist"; path = "Info-VST3.plist"; sourceTree = "SOURCE_ROOT"; };
		70E807314F947A555DC2F26F = {isa = PBXFileReference; lastKnownFileType = sourcecode.c.h; name = JuceHeader.h; path = ../../JuceLibraryCode/JuceHeader.h; sourceTree = "SOURCE_ROOT"; };
		712E89FD079DDEEE757BB2CF = {isa = PBXFileReference; lastKnownFileType = sourcecode.cpp.objcpp; name = "include_juce_cryptography.mm"; path = "../../JuceLibraryCode/include_juce_cryptography.mm"; sourceTree = "SOURCE_ROOT"; };
		75808D61811FC5D494FC5CA6 = {isa = PBXFileReference; lastKnownFileType = sourcecode.cpp.objcpp; name = "include_juce_gui_basics.mm"; path = "../../JuceLibraryCode/include_juce_gui_basics.mm"; sourceTree = "SOURCE_ROOT"; };
		7D98195A514F24F463EB584A = {isa = PBXFileReference; lastKnownFileType = wrapper.framework; name = WebKit.framework; path = System/Library/Frameworks/WebKit.framework; sourceTree = SDKROOT; };
		8156EAB1372962854C020520 = {isa = PBXFileReference; lastKnownFileType = sourcecode.cpp.cpp; name = PluginEditor.cpp; path = ../../Source/PluginEditor.cpp; sourceTree = "SOURCE_ROOT"; };
		843E425E8AFBB6D73071DBDE = {isa = PBXFileReference; lastKnownFileType = sourcecode.cpp.objcpp; name = "include_juce_audio_plugin_client_AU_2.mm"; path = "../../JuceLibraryCode/include_juce_audio_plugin_client_AU_2.mm"; sourceTree = "SOURCE_ROOT"; };
		8445906B263BEA63CA373123 = {isa = PBXFileReference; lastKnownFileType = file; name = "juce_gui_basics"; path = "/Applications/JUCE/modules/juce_gui_basics"; sourceTree = "<absolute>"; };
		8BE6056055D1D0EAAE78EF41 = {isa = PBXFileReference; lastKnownFileType = sourcecode.cpp.objcpp; name = "include_juce_opengl.mm"; path = "../../JuceLibraryCode/include_juce_opengl.mm"; sourceTree = "SOURCE_ROOT"; };
		8EC383FE9D03A0DE04D796C5 = {isa = PBXFileReference; lastKnownFileType = wrapper.framework; name = AudioUnit.framework; path = System/Library/Frameworks/AudioUnit.framework; sourceTree = SDKROOT; };
		93C459BA172AAEBAF36EF5F9 = {isa = PBXFileReference; lastKnownFileType = wrapper.framework; name = Carbon.framework; path = System/Library/Frameworks/Carbon.framework; sourceTree = SDKROOT; };
		9DB39CF158F20129C2747276 = {isa = PBXFileReference; lastKnownFileType = file; name = "juce_cryptography"; path = "/Applications/JUCE/modules/juce_cryptography"; sourceTree = "<absolute>"; };
		A12624DE0FEE4583A6F683BA = {isa = PBXFileReference; lastKnownFileType = file; name = "juce_audio_formats"; path = "/Applications/JUCE/modules/juce_audio_formats"; sourceTree = "<absolute>"; };
		A2404AC8C24A8D8ED8B4F421 = {isa = PBXFileReference; lastKnownFileType = wrapper.framework; name = CoreAudioKit.framework; path = System/Library/Frameworks/CoreAudioKit.framework; sourceTree = SDKROOT; };
		A608E7F2E6A928AB7EE34AF8 = {isa = PBXFileReference; lastKnownFileType = sourcecode.cpp.objcpp; name = "include_juce_audio_processors.mm"; path = "../../JuceLibraryCode/include_juce_audio_processors.mm"; sourceTree = "SOURCE_ROOT"; };
		A793C7FC35A531C5508936BF = {isa = PBXFileReference; lastKnownFileType = sourcecode.cpp.objcpp; name = "include_juce_audio_devices.mm"; path = "../../JuceLibraryCode/include_juce_audio_devices.mm"; sourceTree = "SOURCE_ROOT"; };
		A8D0473BAE62973DD7264C77 = {isa = PBXFileReference; lastKnownFileType = sourcecode.cpp.cpp; name = "include_juce_audio_plugin_client_utils.cpp"; path = "../../JuceLibraryCode/include_juce_audio_plugin_client_utils.cpp"; sourceTree = "SOURCE_ROOT"; };
		AC9465773BE6170ECB35BD24 = {isa = PBXFileReference; lastKnownFileType = sourcecode.c.h; name = PluginEditor.h; path = ../../Source/PluginEditor.h; sourceTree = "SOURCE_ROOT"; };
		ACD181CFBB2889441BB877E0 = {isa = PBXFileReference; lastKnownFileType = wrapper.framework; name = CoreMIDI.framework; path = System/Library/Frameworks/CoreMIDI.framework; sourceTree = SDKROOT; };
		AE8F7B28EA96AF7133D8B6DE = {isa = PBXFileReference; lastKnownFileType = wrapper.framework; name = AVFoundation.framework; path = System/Library/Frameworks/AVFoundation.framework; sourceTree = SDKROOT; };
		AEF338A32A5FE56C92D1C424 = {isa = PBXFileReference; lastKnownFileType = sourcecode.cpp.objcpp; name = "include_juce_data_structures.mm"; path = "../../JuceLibraryCode/include_juce_data_structures.mm"; sourceTree = "SOURCE_ROOT"; };
		AF23C9DC04B610E2262B9B16 = {isa = PBXFileReference; lastKnownFileType = file; name = "juce_events"; path = "/Applications/JUCE/modules/juce_events"; sourceTree = "<absolute>"; };
		B3AF30632EC91826D8D767AC = {isa = PBXFileReference; lastKnownFileType = sourcecode.cpp.cpp; name = "include_juce_audio_plugin_client_Standalone.cpp"; path = "../../JuceLibraryCode/include_juce_audio_plugin_client_Standalone.cpp"; sourceTree = "SOURCE_ROOT"; };
		B8D01D7A37D61797DA0E68CB = {isa = PBXFileReference; lastKnownFileType = sourcecode.cpp.objcpp; name = "include_juce_audio_plugin_client_AU_1.mm"; path = "../../JuceLibraryCode/include_juce_audio_plugin_client_AU_1.mm"; sourceTree = "SOURCE_ROOT"; };
		BCD7857D206A91FDD5995CE5 = {isa = PBXFileReference; lastKnownFileType = sourcecode.cpp.objcpp; name = "include_juce_audio_basics.mm"; path = "../../JuceLibraryCode/include_juce_audio_basics.mm"; sourceTree = "SOURCE_ROOT"; };
		C0DCE9DC4011F81069AEA3E6 = {isa = PBXFileReference; lastKnownFileType = sourcecode.cpp.cpp; name = HeadImage.cpp; path = ../../Source/HeadImage.cpp; sourceTree = "SOURCE_ROOT"; };
		C6C56BA2601590B6EC707315 = {isa = PBXFileReference; lastKnownFileType = sourcecode.cpp.cpp; name = PluginProcessor.cpp; path = ../../Source/PluginProcessor.cpp; sourceTree = "SOURCE_ROOT"; };
		C8E303C20A3C0D7061B99FBF = {isa = PBXFileReference; lastKnownFileType = wrapper.framework; name = Accelerate.framework; path = System/Library/Frameworks/Accelerate.framework; sourceTree = SDKROOT; };
		D5E4EF73943B544C7C995B17 = {isa = PBXFileReference; lastKnownFileType = wrapper.framework; name = Cocoa.framework; path = System/Library/Frameworks/Cocoa.framework; sourceTree = SDKROOT; };
		D6504167794B85F17E6A0626 = {isa = PBXFileReference; lastKnownFileType = wrapper.framework; name = CoreAudio.framework; path = System/Library/Frameworks/CoreAudio.framework; sourceTree = SDKROOT; };
		D97DE6D91B611C5E90A831C4 = {isa = PBXFileReference; lastKnownFileType = file; name = "juce_video"; path = "/Applications/JUCE/modules/juce_video"; sourceTree = "<absolute>"; };
		DB82B85AE2EBD2F182A39470 = {isa = PBXFileReference; lastKnownFileType = file; name = "juce_opengl"; path = "/Applications/JUCE/modules/juce_opengl"; sourceTree = "<absolute>"; };
		DB8696AF4A2FFDC99EC02DB4 = {isa = PBXFileReference; lastKnownFileType = file; name = "juce_audio_utils"; path = "/Applications/JUCE/modules/juce_audio_utils"; sourceTree = "<absolute>"; };
		DEF8AAB30940A597CE994803 = {isa = PBXFileReference; lastKnownFileType = text.plist.xml; name = "Info-AU.plist"; path = "Info-AU.plist"; sourceTree = "SOURCE_ROOT"; };
		E38609B6324DA67661657613 = {isa = PBXFileReference; lastKnownFileType = file; name = "juce_audio_devices"; path = "/Applications/JUCE/modules/juce_audio_devices"; sourceTree = "<absolute>"; };
		EBFEBA09782785BB0252B672 = {isa = PBXFileReference; lastKnownFileType = sourcecode.cpp.objcpp; name = "include_juce_audio_formats.mm"; path = "../../JuceLibraryCode/include_juce_audio_formats.mm"; sourceTree = "SOURCE_ROOT"; };
		F3F218C5C82F4247F399BFBD = {isa = PBXFileReference; explicitFileType = wrapper.cfbundle; includeInIndex = 0; path = SimpleBinauralPanner.component; sourceTree = "BUILT_PRODUCTS_DIR"; };
		778C933B7D4EBBFFCFB483A5 = {isa = PBXFileReference; explicitFileType = wrapper.application; includeInIndex = 0; path = SimpleBinauralPanner.app; sourceTree = "BUILT_PRODUCTS_DIR"; };
		E0D091A16D365D3431BF7040 = {isa = PBXFileReference; lastKnownFileType = file.nib; name = RecentFilesMenuTemplate.nib; path = RecentFilesMenuTemplate.nib; sourceTree = "SOURCE_ROOT"; };
		E2A96F660BC0E70B019DB401 = {isa = PBXFileReference; lastKnownFileType = file; name = "juce_audio_basics"; path = "/Applications/JUCE/modules/juce_audio_basics"; sourceTree = "<absolute>"; };
		E9A7332809735873AE6D2F96 = {isa = PBXFileReference; explicitFileType = archive.ar; includeInIndex = 0; path = libSimpleBinauralPanner.a; sourceTree = "BUILT_PRODUCTS_DIR"; };
		EB9DB800820D6588659040F5 = {isa = PBXFileReference; lastKnownFileType = file; name = "juce_dsp"; path = "/Applications/JUCE/modules/juce_dsp"; sourceTree = "<absolute>"; };
		EC578A0BF2D0B907622ED351 = {isa = PBXFileReference; lastKnownFileType = sourcecode.cpp.objcpp; name = "include_juce_audio_utils.mm"; path = "../../JuceLibraryCode/include_juce_audio_utils.mm"; sourceTree = "SOURCE_ROOT"; };
		F83C5ADE757A831521EFD167 = {isa = PBXFileReference; lastKnownFileType = sourcecode.cpp.objcpp; name = "include_juce_graphics.mm"; path = "../../JuceLibraryCode/include_juce_graphics.mm"; sourceTree = "SOURCE_ROOT"; };
		F9225EC7F2EEC4F8DFC18B68 = {isa = PBXFileReference; lastKnownFileType = sourcecode.c.h; name = AppConfig.h; path = ../../JuceLibraryCode/AppConfig.h; sourceTree = "SOURCE_ROOT"; };
		701D63D9122B6F94F9E85CB2 = {isa = PBXGroup; children = (
					C0DCE9DC4011F81069AEA3E6,
					5EA47A7D0B2F5BA9E0C3BA78,
					600277367ABF85F31AB94480,
					C6C56BA2601590B6EC707315,
					21951B2E495822519D7229AD,
					8156EAB1372962854C020520,
					AC9465773BE6170ECB35BD24, ); name = Source; sourceTree = "<group>"; };
		65D1D154824DE26199264574 = {isa = PBXGroup; children = (
					701D63D9122B6F94F9E85CB2, ); name = SimpleBinauralPanner; sourceTree = "<group>"; };
		41BAF4F3F06B9D51F1F98A23 = {isa = PBXGroup; children = (
					E2A96F660BC0E70B019DB401,
					E38609B6324DA67661657613,
					A12624DE0FEE4583A6F683BA,
					247E8D7C5714D69A85976B61,
					1FE382FBA3CCADD2CFD931D7,
					DB8696AF4A2FFDC99EC02DB4,
					12CE0105511A1EA54F70B66E,
					9DB39CF158F20129C2747276,
					3378D8F76919806920D80512,
					EB9DB800820D6588659040F5,
					AF23C9DC04B610E2262B9B16,
					3996F086F85DDF19D05186D1,
					8445906B263BEA63CA373123,
					6A25E18584F5BB578E92A4A0,
					DB82B85AE2EBD2F182A39470,
					D97DE6D91B611C5E90A831C4, ); name = "JUCE Modules"; sourceTree = "<group>"; };
		ACB1B5979EC3755EA50DC43E = {isa = PBXGroup; children = (
					F9225EC7F2EEC4F8DFC18B68,
					BCD7857D206A91FDD5995CE5,
					A793C7FC35A531C5508936BF,
					EBFEBA09782785BB0252B672,
					508EB853F6E92888C9A32915,
					B8D01D7A37D61797DA0E68CB,
					843E425E8AFBB6D73071DBDE,
					B3AF30632EC91826D8D767AC,
					A8D0473BAE62973DD7264C77,
					582832B6CE28C1D41694BB90,
					4F84895CE15ABB043554903C,
					3098B5329BEC637512A3B38D,
					A608E7F2E6A928AB7EE34AF8,
					EC578A0BF2D0B907622ED351,
					03DA5F10F9D31E4FE200D704,
					712E89FD079DDEEE757BB2CF,
					AEF338A32A5FE56C92D1C424,
					35F2CB3E47ACCCE4BB0CDA08,
					1FDDFD6CFBFAE07981AE9E7D,
					F83C5ADE757A831521EFD167,
					75808D61811FC5D494FC5CA6,
					5786EC78FB7727339A20D986,
					8BE6056055D1D0EAAE78EF41,
					41392FBE7A485DD3F2E75AC6,
					70E807314F947A555DC2F26F, ); name = "JUCE Library Code"; sourceTree = "<group>"; };
		177AE5AAA422799EE956E3D6 = {isa = PBXGroup; children = (
					330638A6860AAFD559ACACCC,
					6DD11161AE19969DDAC13FA7,
					DEF8AAB30940A597CE994803,
					67B0756CCB1376F6098E2199,
					E0D091A16D365D3431BF7040, ); name = Resources; sourceTree = "<group>"; };
		A20065F3AC9989793D0FB2B4 = {isa = PBXGroup; children = (
					C8E303C20A3C0D7061B99FBF,
					525DBF116B4DFA174EBB9B4C,
					8EC383FE9D03A0DE04D796C5,
					AE8F7B28EA96AF7133D8B6DE,
					6C3DB39913A2CC2CE6B77527,
					93C459BA172AAEBAF36EF5F9,
					D5E4EF73943B544C7C995B17,
					D6504167794B85F17E6A0626,
					A2404AC8C24A8D8ED8B4F421,
					64E686BCD9F20D6BBB7403B0,
					ACD181CFBB2889441BB877E0,
					5B5C63887986E32E4169FD33,
					547FF42920DCC60539A109AA,
					190717BB994725951DC6F4BA,
					193D25A0FFD8FAA2105E350F,
					7D98195A514F24F463EB584A, ); name = Frameworks; sourceTree = "<group>"; };
		1BCB42D7F21226347494B060 = {isa = PBXGroup; children = (
					1BE4D0C77A94561BE979219A,
					566F321E7D27E55209087107,
					F3F218C5C82F4247F399BFBD,
					778C933B7D4EBBFFCFB483A5,
					E9A7332809735873AE6D2F96, ); name = Products; sourceTree = "<group>"; };
		6880960DD0F0EBBA1317FBD9 = {isa = PBXGroup; children = (
					4C43ED0F7369D5F9E980349D,
					65D1D154824DE26199264574,
					41BAF4F3F06B9D51F1F98A23,
					ACB1B5979EC3755EA50DC43E,
					177AE5AAA422799EE956E3D6,
					A20065F3AC9989793D0FB2B4,
					1BCB42D7F21226347494B060, ); name = Source; sourceTree = "<group>"; };
		57058EED0F05A7116EECC38C = {isa = XCBuildConfiguration; buildSettings = {
				MACOSX_DEPLOYMENT_TARGET = 10.11; }; name = Debug; };
		AA20A5640E6B6141883FCEB7 = {isa = XCBuildConfiguration; buildSettings = {
				MACOSX_DEPLOYMENT_TARGET = 10.11; }; name = Release; };
		CBD70179F997DD6032C6F4C5 = {isa = XCBuildConfiguration; buildSettings = {
				CLANG_CXX_LANGUAGE_STANDARD = "c++14";
				CLANG_LINK_OBJC_RUNTIME = NO;
				COMBINE_HIDPI_IMAGES = YES;
				CONFIGURATION_BUILD_DIR = "$(PROJECT_DIR)/build/$(CONFIGURATION)";
				COPY_PHASE_STRIP = NO;
				DEPLOYMENT_LOCATION = YES;
				DSTROOT = /;
				GCC_DYNAMIC_NO_PIC = NO;
				GCC_OPTIMIZATION_LEVEL = 0;
				GCC_PREPROCESSOR_DEFINITIONS = (
					"_DEBUG=1",
					"DEBUG=1",
					"JUCER_XCODE_MAC_F6D2F4CF=1",
					"JUCE_APP_VERSION=1.0.0",
					"JUCE_APP_VERSION_HEX=0x10000",
					"JucePlugin_Build_VST=1",
					"JucePlugin_Build_VST3=0",
					"JucePlugin_Build_AU=0",
					"JucePlugin_Build_AUv3=0",
					"JucePlugin_Build_RTAS=0",
					"JucePlugin_Build_AAX=0",
					"JucePlugin_Build_Standalone=0", );
				GCC_VERSION = com.apple.compilers.llvm.clang.1_0;
				GENERATE_PKGINFO_FILE = YES;
				HEADER_SEARCH_PATHS = ("~/SDKs/VST_SDK/VST3_SDK", "../../JuceLibraryCode", "/Applications/JUCE/modules", "/Applications/JUCE/modules/juce_audio_plugin_client", "$(inherited)");
				INFOPLIST_FILE = Info-VST.plist;
				INFOPLIST_PREPROCESS = NO;
				INSTALL_PATH = "$(HOME)/Library/Audio/Plug-Ins/VST/";
				LIBRARY_STYLE = Bundle;
				MACOSX_DEPLOYMENT_TARGET = 10.11;
				MACOSX_DEPLOYMENT_TARGET_ppc = 10.4;
				OTHER_LDFLAGS = "-bundle -lSimpleBinauralPanner";
				PRODUCT_BUNDLE_IDENTIFIER = com.yourcompany.SimpleBinauralPanner;
				SDKROOT_ppc = macosx10.5;
				USE_HEADERMAP = NO;
				WRAPPER_EXTENSION = vst; }; name = Debug; };
		551DB38F018675BDE2327B8C = {isa = XCBuildConfiguration; buildSettings = {
				CLANG_CXX_LANGUAGE_STANDARD = "c++14";
				CLANG_LINK_OBJC_RUNTIME = NO;
				COMBINE_HIDPI_IMAGES = YES;
				CONFIGURATION_BUILD_DIR = "$(PROJECT_DIR)/build/$(CONFIGURATION)";
				DEAD_CODE_STRIPPING = YES;
				DEPLOYMENT_LOCATION = YES;
				DSTROOT = /;
				GCC_GENERATE_DEBUGGING_SYMBOLS = NO;
				GCC_OPTIMIZATION_LEVEL = 3;
				GCC_PREPROCESSOR_DEFINITIONS = (
					"_NDEBUG=1",
					"NDEBUG=1",
					"JUCER_XCODE_MAC_F6D2F4CF=1",
					"JUCE_APP_VERSION=1.0.0",
					"JUCE_APP_VERSION_HEX=0x10000",
					"JucePlugin_Build_VST=1",
					"JucePlugin_Build_VST3=0",
					"JucePlugin_Build_AU=0",
					"JucePlugin_Build_AUv3=0",
					"JucePlugin_Build_RTAS=0",
					"JucePlugin_Build_AAX=0",
					"JucePlugin_Build_Standalone=0", );
				GCC_SYMBOLS_PRIVATE_EXTERN = YES;
				GCC_VERSION = com.apple.compilers.llvm.clang.1_0;
				GENERATE_PKGINFO_FILE = YES;
				HEADER_SEARCH_PATHS = ("~/SDKs/VST_SDK/VST3_SDK", "../../JuceLibraryCode", "/Applications/JUCE/modules", "/Applications/JUCE/modules/juce_audio_plugin_client", "$(inherited)");
				INFOPLIST_FILE = Info-VST.plist;
				INFOPLIST_PREPROCESS = NO;
				INSTALL_PATH = "$(HOME)/Library/Audio/Plug-Ins/VST/";
				LIBRARY_STYLE = Bundle;
				LLVM_LTO = YES;
				MACOSX_DEPLOYMENT_TARGET = 10.11;
				MACOSX_DEPLOYMENT_TARGET_ppc = 10.4;
				OTHER_LDFLAGS = "-bundle -lSimpleBinauralPanner";
				PRODUCT_BUNDLE_IDENTIFIER = com.yourcompany.SimpleBinauralPanner;
				SDKROOT_ppc = macosx10.5;
				USE_HEADERMAP = NO;
				WRAPPER_EXTENSION = vst; }; name = Release; };
		58D16363DF7BBC31FA518EB9 = {isa = XCBuildConfiguration; buildSettings = {
				CLANG_CXX_LANGUAGE_STANDARD = "c++14";
				CLANG_LINK_OBJC_RUNTIME = NO;
				COMBINE_HIDPI_IMAGES = YES;
				CONFIGURATION_BUILD_DIR = "$(PROJECT_DIR)/build/$(CONFIGURATION)";
				COPY_PHASE_STRIP = NO;
				DEPLOYMENT_LOCATION = YES;
				DSTROOT = /;
				GCC_DYNAMIC_NO_PIC = NO;
				GCC_OPTIMIZATION_LEVEL = 0;
				GCC_PREPROCESSOR_DEFINITIONS = (
					"_DEBUG=1",
					"DEBUG=1",
					"JUCER_XCODE_MAC_F6D2F4CF=1",
					"JUCE_APP_VERSION=1.0.0",
					"JUCE_APP_VERSION_HEX=0x10000",
					"JucePlugin_Build_VST=0",
					"JucePlugin_Build_VST3=1",
					"JucePlugin_Build_AU=0",
					"JucePlugin_Build_AUv3=0",
					"JucePlugin_Build_RTAS=0",
					"JucePlugin_Build_AAX=0",
					"JucePlugin_Build_Standalone=0", );
				GCC_VERSION = com.apple.compilers.llvm.clang.1_0;
				GENERATE_PKGINFO_FILE = YES;
				HEADER_SEARCH_PATHS = ("~/SDKs/VST_SDK/VST3_SDK", "../../JuceLibraryCode", "/Applications/JUCE/modules", "/Applications/JUCE/modules/juce_audio_plugin_client", "$(inherited)");
				INFOPLIST_FILE = Info-VST3.plist;
				INFOPLIST_PREPROCESS = NO;
				INSTALL_PATH = "$(HOME)/Library/Audio/Plug-Ins/VST3/";
				LIBRARY_STYLE = Bundle;
				MACOSX_DEPLOYMENT_TARGET = 10.11;
				MACOSX_DEPLOYMENT_TARGET_ppc = 10.4;
				OTHER_LDFLAGS = "-bundle -lSimpleBinauralPanner";
				PRODUCT_BUNDLE_IDENTIFIER = com.yourcompany.SimpleBinauralPanner;
				SDKROOT_ppc = macosx10.5;
				USE_HEADERMAP = NO;
				WRAPPER_EXTENSION = vst3; }; name = Debug; };
		FB74C21313A63DEA88A921F8 = {isa = XCBuildConfiguration; buildSettings = {
				CLANG_CXX_LANGUAGE_STANDARD = "c++14";
				CLANG_LINK_OBJC_RUNTIME = NO;
				COMBINE_HIDPI_IMAGES = YES;
				CONFIGURATION_BUILD_DIR = "$(PROJECT_DIR)/build/$(CONFIGURATION)";
				DEAD_CODE_STRIPPING = YES;
				DEPLOYMENT_LOCATION = YES;
				DSTROOT = /;
				GCC_GENERATE_DEBUGGING_SYMBOLS = NO;
				GCC_OPTIMIZATION_LEVEL = 3;
				GCC_PREPROCESSOR_DEFINITIONS = (
					"_NDEBUG=1",
					"NDEBUG=1",
					"JUCER_XCODE_MAC_F6D2F4CF=1",
					"JUCE_APP_VERSION=1.0.0",
					"JUCE_APP_VERSION_HEX=0x10000",
					"JucePlugin_Build_VST=0",
					"JucePlugin_Build_VST3=1",
					"JucePlugin_Build_AU=0",
					"JucePlugin_Build_AUv3=0",
					"JucePlugin_Build_RTAS=0",
					"JucePlugin_Build_AAX=0",
					"JucePlugin_Build_Standalone=0", );
				GCC_SYMBOLS_PRIVATE_EXTERN = YES;
				GCC_VERSION = com.apple.compilers.llvm.clang.1_0;
				GENERATE_PKGINFO_FILE = YES;
				HEADER_SEARCH_PATHS = ("~/SDKs/VST_SDK/VST3_SDK", "../../JuceLibraryCode", "/Applications/JUCE/modules", "/Applications/JUCE/modules/juce_audio_plugin_client", "$(inherited)");
				INFOPLIST_FILE = Info-VST3.plist;
				INFOPLIST_PREPROCESS = NO;
				INSTALL_PATH = "$(HOME)/Library/Audio/Plug-Ins/VST3/";
				LIBRARY_STYLE = Bundle;
				LLVM_LTO = YES;
				MACOSX_DEPLOYMENT_TARGET = 10.11;
				MACOSX_DEPLOYMENT_TARGET_ppc = 10.4;
				OTHER_LDFLAGS = "-bundle -lSimpleBinauralPanner";
				PRODUCT_BUNDLE_IDENTIFIER = com.yourcompany.SimpleBinauralPanner;
				SDKROOT_ppc = macosx10.5;
				USE_HEADERMAP = NO;
				WRAPPER_EXTENSION = vst3; }; name = Release; };
		128C56527CCF1993D3464F8A = {isa = XCBuildConfiguration; buildSettings = {
				CLANG_CXX_LANGUAGE_STANDARD = "c++14";
				CLANG_LINK_OBJC_RUNTIME = NO;
				COMBINE_HIDPI_IMAGES = YES;
				CONFIGURATION_BUILD_DIR = "$(PROJECT_DIR)/build/$(CONFIGURATION)";
				COPY_PHASE_STRIP = NO;
				DEPLOYMENT_LOCATION = YES;
				DSTROOT = /;
				GCC_DYNAMIC_NO_PIC = NO;
				GCC_OPTIMIZATION_LEVEL = 0;
				GCC_PREPROCESSOR_DEFINITIONS = (
					"_DEBUG=1",
					"DEBUG=1",
					"JUCER_XCODE_MAC_F6D2F4CF=1",
					"JUCE_APP_VERSION=1.0.0",
					"JUCE_APP_VERSION_HEX=0x10000",
					"JucePlugin_Build_VST=0",
					"JucePlugin_Build_VST3=0",
					"JucePlugin_Build_AU=1",
					"JucePlugin_Build_AUv3=0",
					"JucePlugin_Build_RTAS=0",
					"JucePlugin_Build_AAX=0",
					"JucePlugin_Build_Standalone=0", );
				GCC_VERSION = com.apple.compilers.llvm.clang.1_0;
				GENERATE_PKGINFO_FILE = YES;
				HEADER_SEARCH_PATHS = ("~/SDKs/VST_SDK/VST3_SDK", "../../JuceLibraryCode", "/Applications/JUCE/modules", "/Applications/JUCE/modules/juce_audio_plugin_client", "$(inherited)");
				INFOPLIST_FILE = Info-AU.plist;
				INFOPLIST_PREPROCESS = NO;
				INSTALL_PATH = "$(HOME)/Library/Audio/Plug-Ins/Components/";
				LIBRARY_STYLE = Bundle;
				MACOSX_DEPLOYMENT_TARGET = 10.11;
				MACOSX_DEPLOYMENT_TARGET_ppc = 10.4;
				OTHER_LDFLAGS = "-bundle -lSimpleBinauralPanner";
				OTHER_REZFLAGS = "-d ppc_$ppc -d i386_$i386 -d ppc64_$ppc64 -d x86_64_$x86_64 -I /System/Library/Frameworks/CoreServices.framework/Frameworks/CarbonCore.framework/Versions/A/Headers -I \"$(DEVELOPER_DIR)/Extras/CoreAudio/AudioUnits/AUPublic/AUBase\"";
				PRODUCT_BUNDLE_IDENTIFIER = com.yourcompany.SimpleBinauralPanner;
				SDKROOT_ppc = macosx10.5;
				USE_HEADERMAP = NO;
				WRAPPER_EXTENSION = component; }; name = Debug; };
		58704BD67748D8EB8FD0B3E6 = {isa = XCBuildConfiguration; buildSettings = {
				CLANG_CXX_LANGUAGE_STANDARD = "c++14";
				CLANG_LINK_OBJC_RUNTIME = NO;
				COMBINE_HIDPI_IMAGES = YES;
				CONFIGURATION_BUILD_DIR = "$(PROJECT_DIR)/build/$(CONFIGURATION)";
				DEAD_CODE_STRIPPING = YES;
				DEPLOYMENT_LOCATION = YES;
				DSTROOT = /;
				GCC_GENERATE_DEBUGGING_SYMBOLS = NO;
				GCC_OPTIMIZATION_LEVEL = 3;
				GCC_PREPROCESSOR_DEFINITIONS = (
					"_NDEBUG=1",
					"NDEBUG=1",
					"JUCER_XCODE_MAC_F6D2F4CF=1",
					"JUCE_APP_VERSION=1.0.0",
					"JUCE_APP_VERSION_HEX=0x10000",
					"JucePlugin_Build_VST=0",
					"JucePlugin_Build_VST3=0",
					"JucePlugin_Build_AU=1",
					"JucePlugin_Build_AUv3=0",
					"JucePlugin_Build_RTAS=0",
					"JucePlugin_Build_AAX=0",
					"JucePlugin_Build_Standalone=0", );
				GCC_SYMBOLS_PRIVATE_EXTERN = YES;
				GCC_VERSION = com.apple.compilers.llvm.clang.1_0;
				GENERATE_PKGINFO_FILE = YES;
				HEADER_SEARCH_PATHS = ("~/SDKs/VST_SDK/VST3_SDK", "../../JuceLibraryCode", "/Applications/JUCE/modules", "/Applications/JUCE/modules/juce_audio_plugin_client", "$(inherited)");
				INFOPLIST_FILE = Info-AU.plist;
				INFOPLIST_PREPROCESS = NO;
				INSTALL_PATH = "$(HOME)/Library/Audio/Plug-Ins/Components/";
				LIBRARY_STYLE = Bundle;
				LLVM_LTO = YES;
				MACOSX_DEPLOYMENT_TARGET = 10.11;
				MACOSX_DEPLOYMENT_TARGET_ppc = 10.4;
				OTHER_LDFLAGS = "-bundle -lSimpleBinauralPanner";
				OTHER_REZFLAGS = "-d ppc_$ppc -d i386_$i386 -d ppc64_$ppc64 -d x86_64_$x86_64 -I /System/Library/Frameworks/CoreServices.framework/Frameworks/CarbonCore.framework/Versions/A/Headers -I \"$(DEVELOPER_DIR)/Extras/CoreAudio/AudioUnits/AUPublic/AUBase\"";
				PRODUCT_BUNDLE_IDENTIFIER = com.yourcompany.SimpleBinauralPanner;
				SDKROOT_ppc = macosx10.5;
				USE_HEADERMAP = NO;
				WRAPPER_EXTENSION = component; }; name = Release; };
		FD86CFFD7CA0A6D1F9B9BF4C = {isa = XCBuildConfiguration; buildSettings = {
				CLANG_CXX_LANGUAGE_STANDARD = "c++14";
				CLANG_LINK_OBJC_RUNTIME = NO;
				COMBINE_HIDPI_IMAGES = YES;
				CONFIGURATION_BUILD_DIR = "$(PROJECT_DIR)/build/$(CONFIGURATION)";
				COPY_PHASE_STRIP = NO;
				GCC_DYNAMIC_NO_PIC = NO;
				GCC_OPTIMIZATION_LEVEL = 0;
				GCC_PREPROCESSOR_DEFINITIONS = (
					"_DEBUG=1",
					"DEBUG=1",
					"JUCER_XCODE_MAC_F6D2F4CF=1",
					"JUCE_APP_VERSION=1.0.0",
					"JUCE_APP_VERSION_HEX=0x10000",
					"JucePlugin_Build_VST=0",
					"JucePlugin_Build_VST3=0",
					"JucePlugin_Build_AU=0",
					"JucePlugin_Build_AUv3=0",
					"JucePlugin_Build_RTAS=0",
					"JucePlugin_Build_AAX=0",
					"JucePlugin_Build_Standalone=1", );
				GCC_VERSION = com.apple.compilers.llvm.clang.1_0;
				HEADER_SEARCH_PATHS = ("~/SDKs/VST_SDK/VST3_SDK", "../../JuceLibraryCode", "/Applications/JUCE/modules", "/Applications/JUCE/modules/juce_audio_plugin_client", "$(inherited)");
				INFOPLIST_FILE = Info-Standalone_Plugin.plist;
				INFOPLIST_PREPROCESS = NO;
				MACOSX_DEPLOYMENT_TARGET = 10.11;
				MACOSX_DEPLOYMENT_TARGET_ppc = 10.4;
				OTHER_LDFLAGS = "-lSimpleBinauralPanner";
				PRODUCT_BUNDLE_IDENTIFIER = com.yourcompany.SimpleBinauralPanner;
				SDKROOT_ppc = macosx10.5;
				USE_HEADERMAP = NO; }; name = Debug; };
		B64D60F150E1226814E07B6B = {isa = XCBuildConfiguration; buildSettings = {
				CLANG_CXX_LANGUAGE_STANDARD = "c++14";
				CLANG_LINK_OBJC_RUNTIME = NO;
				COMBINE_HIDPI_IMAGES = YES;
				CONFIGURATION_BUILD_DIR = "$(PROJECT_DIR)/build/$(CONFIGURATION)";
				DEAD_CODE_STRIPPING = YES;
				GCC_GENERATE_DEBUGGING_SYMBOLS = NO;
				GCC_OPTIMIZATION_LEVEL = 3;
				GCC_PREPROCESSOR_DEFINITIONS = (
					"_NDEBUG=1",
					"NDEBUG=1",
					"JUCER_XCODE_MAC_F6D2F4CF=1",
					"JUCE_APP_VERSION=1.0.0",
					"JUCE_APP_VERSION_HEX=0x10000",
					"JucePlugin_Build_VST=0",
					"JucePlugin_Build_VST3=0",
					"JucePlugin_Build_AU=0",
					"JucePlugin_Build_AUv3=0",
					"JucePlugin_Build_RTAS=0",
					"JucePlugin_Build_AAX=0",
					"JucePlugin_Build_Standalone=1", );
				GCC_SYMBOLS_PRIVATE_EXTERN = YES;
				GCC_VERSION = com.apple.compilers.llvm.clang.1_0;
				HEADER_SEARCH_PATHS = ("~/SDKs/VST_SDK/VST3_SDK", "../../JuceLibraryCode", "/Applications/JUCE/modules", "/Applications/JUCE/modules/juce_audio_plugin_client", "$(inherited)");
				INFOPLIST_FILE = Info-Standalone_Plugin.plist;
				INFOPLIST_PREPROCESS = NO;
				LLVM_LTO = YES;
				MACOSX_DEPLOYMENT_TARGET = 10.11;
				MACOSX_DEPLOYMENT_TARGET_ppc = 10.4;
				OTHER_LDFLAGS = "-lSimpleBinauralPanner";
				PRODUCT_BUNDLE_IDENTIFIER = com.yourcompany.SimpleBinauralPanner;
				SDKROOT_ppc = macosx10.5;
				USE_HEADERMAP = NO; }; name = Release; };
		22361CA62AF1120EF5781C47 = {isa = XCBuildConfiguration; buildSettings = {
				CLANG_CXX_LANGUAGE_STANDARD = "c++14";
				CLANG_LINK_OBJC_RUNTIME = NO;
				COMBINE_HIDPI_IMAGES = YES;
				CONFIGURATION_BUILD_DIR = "$(PROJECT_DIR)/build/$(CONFIGURATION)";
				COPY_PHASE_STRIP = NO;
				GCC_DYNAMIC_NO_PIC = NO;
				GCC_OPTIMIZATION_LEVEL = 0;
				GCC_PREPROCESSOR_DEFINITIONS = (
					"_DEBUG=1",
					"DEBUG=1",
					"JUCER_XCODE_MAC_F6D2F4CF=1",
					"JUCE_APP_VERSION=1.0.0",
					"JUCE_APP_VERSION_HEX=0x10000",
					"JucePlugin_Build_VST=1",
					"JucePlugin_Build_VST3=1",
					"JucePlugin_Build_AU=1",
					"JucePlugin_Build_AUv3=0",
					"JucePlugin_Build_RTAS=0",
					"JucePlugin_Build_AAX=0",
					"JucePlugin_Build_Standalone=1",
					"JUCE_SHARED_CODE=1", );
				GCC_VERSION = com.apple.compilers.llvm.clang.1_0;
				HEADER_SEARCH_PATHS = ("~/SDKs/VST_SDK/VST3_SDK", "../../JuceLibraryCode", "/Applications/JUCE/modules", "/Applications/JUCE/modules/juce_audio_plugin_client", "$(inherited)");
				INSTALL_PATH = "@executable_path/../Frameworks";
				MACOSX_DEPLOYMENT_TARGET = 10.11;
				MACOSX_DEPLOYMENT_TARGET_ppc = 10.4;
				PRODUCT_BUNDLE_IDENTIFIER = com.yourcompany.SimpleBinauralPanner;
				SDKROOT_ppc = macosx10.5;
				USE_HEADERMAP = NO; }; name = Debug; };
		00DF27408E21C9507A1DA846 = {isa = XCBuildConfiguration; buildSettings = {
				CLANG_CXX_LANGUAGE_STANDARD = "c++14";
				CLANG_LINK_OBJC_RUNTIME = NO;
				COMBINE_HIDPI_IMAGES = YES;
				CONFIGURATION_BUILD_DIR = "$(PROJECT_DIR)/build/$(CONFIGURATION)";
				DEAD_CODE_STRIPPING = YES;
				GCC_GENERATE_DEBUGGING_SYMBOLS = NO;
				GCC_OPTIMIZATION_LEVEL = 3;
				GCC_PREPROCESSOR_DEFINITIONS = (
					"_NDEBUG=1",
					"NDEBUG=1",
					"JUCER_XCODE_MAC_F6D2F4CF=1",
					"JUCE_APP_VERSION=1.0.0",
					"JUCE_APP_VERSION_HEX=0x10000",
					"JucePlugin_Build_VST=1",
					"JucePlugin_Build_VST3=1",
					"JucePlugin_Build_AU=1",
					"JucePlugin_Build_AUv3=0",
					"JucePlugin_Build_RTAS=0",
					"JucePlugin_Build_AAX=0",
					"JucePlugin_Build_Standalone=1",
					"JUCE_SHARED_CODE=1", );
				GCC_SYMBOLS_PRIVATE_EXTERN = YES;
				GCC_VERSION = com.apple.compilers.llvm.clang.1_0;
				HEADER_SEARCH_PATHS = ("~/SDKs/VST_SDK/VST3_SDK", "../../JuceLibraryCode", "/Applications/JUCE/modules", "/Applications/JUCE/modules/juce_audio_plugin_client", "$(inherited)");
				INSTALL_PATH = "@executable_path/../Frameworks";
				LLVM_LTO = YES;
				MACOSX_DEPLOYMENT_TARGET = 10.11;
				MACOSX_DEPLOYMENT_TARGET_ppc = 10.4;
				PRODUCT_BUNDLE_IDENTIFIER = com.yourcompany.SimpleBinauralPanner;
				SDKROOT_ppc = macosx10.5;
				USE_HEADERMAP = NO; }; name = Release; };
		EC9E1835AAA5AFC316B2A8A0 = {isa = XCBuildConfiguration; buildSettings = {
				ALWAYS_SEARCH_USER_PATHS = NO;
				CLANG_WARN_BLOCK_CAPTURE_AUTORELEASING = YES;
				CLANG_WARN_BOOL_CONVERSION = YES;
				CLANG_WARN_COMMA = YES;
				CLANG_WARN_CONSTANT_CONVERSION = YES;
				CLANG_WARN_EMPTY_BODY = YES;
				CLANG_WARN_ENUM_CONVERSION = YES;
				CLANG_WARN_INFINITE_RECURSION = YES;
				CLANG_WARN_INT_CONVERSION = YES;
				CLANG_WARN_NON_LITERAL_NULL_CONVERSION = YES;
				CLANG_WARN_OBJC_LITERAL_CONVERSION = YES;
				CLANG_WARN_RANGE_LOOP_ANALYSIS = YES;
				CLANG_WARN_STRICT_PROTOTYPES = YES;
				CLANG_WARN_SUSPICIOUS_MOVE = YES;
				CLANG_WARN_UNREACHABLE_CODE = YES;
				CLANG_WARN__DUPLICATE_METHOD_MATCH = YES;
				DEBUG_INFORMATION_FORMAT = "dwarf";
				ENABLE_STRICT_OBJC_MSGSEND = YES;
				ENABLE_TESTABILITY = YES;
				GCC_C_LANGUAGE_STANDARD = c11;
				GCC_INLINES_ARE_PRIVATE_EXTERN = YES;
				GCC_MODEL_TUNING = G5;
				GCC_NO_COMMON_BLOCKS = YES;
				GCC_WARN_64_TO_32_BIT_CONVERSION = YES;
				GCC_WARN_ABOUT_RETURN_TYPE = YES;
				GCC_WARN_CHECK_SWITCH_STATEMENTS = YES;
				GCC_WARN_MISSING_PARENTHESES = YES;
				GCC_WARN_NON_VIRTUAL_DESTRUCTOR = YES;
				GCC_WARN_TYPECHECK_CALLS_TO_PRINTF = YES;
				GCC_WARN_UNDECLARED_SELECTOR = YES;
				GCC_WARN_UNINITIALIZED_AUTOS = YES;
				GCC_WARN_UNUSED_FUNCTION = YES;
				GCC_WARN_UNUSED_VARIABLE = YES;
				ONLY_ACTIVE_ARCH = YES;
				PRODUCT_NAME = "SimpleBinauralPanner";
				WARNING_CFLAGS = -Wreorder;
				ZERO_LINK = NO; }; name = Debug; };
		CA358FF39290D0E40486DBA5 = {isa = XCBuildConfiguration; buildSettings = {
				ALWAYS_SEARCH_USER_PATHS = NO;
				CLANG_WARN_BLOCK_CAPTURE_AUTORELEASING = YES;
				CLANG_WARN_BOOL_CONVERSION = YES;
				CLANG_WARN_COMMA = YES;
				CLANG_WARN_CONSTANT_CONVERSION = YES;
				CLANG_WARN_EMPTY_BODY = YES;
				CLANG_WARN_ENUM_CONVERSION = YES;
				CLANG_WARN_INFINITE_RECURSION = YES;
				CLANG_WARN_INT_CONVERSION = YES;
				CLANG_WARN_NON_LITERAL_NULL_CONVERSION = YES;
				CLANG_WARN_OBJC_LITERAL_CONVERSION = YES;
				CLANG_WARN_RANGE_LOOP_ANALYSIS = YES;
				CLANG_WARN_STRICT_PROTOTYPES = YES;
				CLANG_WARN_SUSPICIOUS_MOVE = YES;
				CLANG_WARN_UNREACHABLE_CODE = YES;
				CLANG_WARN__DUPLICATE_METHOD_MATCH = YES;
				DEBUG_INFORMATION_FORMAT = "dwarf";
				ENABLE_STRICT_OBJC_MSGSEND = YES;
				GCC_C_LANGUAGE_STANDARD = c11;
				GCC_INLINES_ARE_PRIVATE_EXTERN = YES;
				GCC_MODEL_TUNING = G5;
				GCC_NO_COMMON_BLOCKS = YES;
				GCC_WARN_64_TO_32_BIT_CONVERSION = YES;
				GCC_WARN_ABOUT_RETURN_TYPE = YES;
				GCC_WARN_CHECK_SWITCH_STATEMENTS = YES;
				GCC_WARN_MISSING_PARENTHESES = YES;
				GCC_WARN_NON_VIRTUAL_DESTRUCTOR = YES;
				GCC_WARN_TYPECHECK_CALLS_TO_PRINTF = YES;
				GCC_WARN_UNDECLARED_SELECTOR = YES;
				GCC_WARN_UNINITIALIZED_AUTOS = YES;
				GCC_WARN_UNUSED_FUNCTION = YES;
				GCC_WARN_UNUSED_VARIABLE = YES;
				PRODUCT_NAME = "SimpleBinauralPanner";
				WARNING_CFLAGS = -Wreorder;
				ZERO_LINK = NO; }; name = Release; };
		D90B7E151CB030A4CEDB6950 = {isa = PBXTargetDependency; target = B7284BEED6B50343E58D093E; };
		48D7A42D1F1814EF524BFD24 = {isa = PBXTargetDependency; target = B3118E6F44C449FE36BD1408; };
		5A378C875A2E2FA8690BC435 = {isa = PBXTargetDependency; target = A6180341320C1C97FAB53AB7; };
		B55B72D1ED345426F692DFE7 = {isa = PBXTargetDependency; target = 21D8864E04E90112B32D40F3; };
		DB4FDBA40BF3293566CD7BD5 = {isa = PBXTargetDependency; target = 1F5884712F1E46FC2EDF3757; };
		0191F14BBE6E7632C9D771CE = {isa = XCConfigurationList; buildConfigurations = (
					EC9E1835AAA5AFC316B2A8A0,
					CA358FF39290D0E40486DBA5, ); defaultConfigurationIsVisible = 0; defaultConfigurationName = Debug; };
		1846C6E98DCF068F18DE8365 = {isa = XCConfigurationList; buildConfigurations = (
					57058EED0F05A7116EECC38C,
					AA20A5640E6B6141883FCEB7, ); defaultConfigurationIsVisible = 0; defaultConfigurationName = Debug; };
		BDB4DD25B9D8B0D86E4CC4A6 = {isa = PBXAggregateTarget; buildConfigurationList = 1846C6E98DCF068F18DE8365; buildPhases = (  ); buildRules = ( ); dependencies = (
					D90B7E151CB030A4CEDB6950,
					48D7A42D1F1814EF524BFD24,
					5A378C875A2E2FA8690BC435,
					B55B72D1ED345426F692DFE7,
					DB4FDBA40BF3293566CD7BD5, ); name = "SimpleBinauralPanner - All"; productName = SimpleBinauralPanner; };
		CE33AEF7801531F92F18A207 = {isa = XCConfigurationList; buildConfigurations = (
					CBD70179F997DD6032C6F4C5,
					551DB38F018675BDE2327B8C, ); defaultConfigurationIsVisible = 0; defaultConfigurationName = Debug; };
		387FE71A592D860D5C57AB91 = {isa = PBXResourcesBuildPhase; buildActionMask = 2147483647; files = (
					27AAFD5B68FDCE7C88823D82, ); runOnlyForDeploymentPostprocessing = 0; };
		28D6EF46003175A90F32B1CC = {isa = PBXSourcesBuildPhase; buildActionMask = 2147483647; files = (
					04559B6163D3BE78C76F0A74, ); runOnlyForDeploymentPostprocessing = 0; };
		EF1FF69C6F942F610F896AFB = {isa = PBXFrameworksBuildPhase; buildActionMask = 2147483647; files = (
					6E0DD1C6E9F9D1781BE3B7CA,
					56EE33E6503969A20BCBCE98,
					69E216AACFA4BDBA9338DF2D,
					9C27D2FB1D19683D6C5C2B1D,
					69B5BC103D80A5F241F93A00,
					C399368334DE3C11EA14682D,
					1FFADB748D0C22C0AF3759FE,
					644A8449BB0E93B50863A65C,
					8C190E2BE313CECFA286A1C5,
					1A7458C5BFB0E0068B3D96B2,
					842F6669CE8246851DE0C4FD,
					11EE715B52412AEBC10953BE,
					155814397D49EEE435767854,
					4B49B5BC4FF43D511A55DCC3, ); runOnlyForDeploymentPostprocessing = 0; };
		B7284BEED6B50343E58D093E = {isa = PBXNativeTarget; buildConfigurationList = CE33AEF7801531F92F18A207; buildPhases = (
					387FE71A592D860D5C57AB91,
					28D6EF46003175A90F32B1CC,
					EF1FF69C6F942F610F896AFB, ); buildRules = ( ); dependencies = (
					DB4FDBA40BF3293566CD7BD5, ); name = "SimpleBinauralPanner - VST"; productName = SimpleBinauralPanner; productReference = 1BE4D0C77A94561BE979219A; productType = "com.apple.product-type.bundle"; };
		CD5E4311D1496DA72B661BC2 = {isa = XCConfigurationList; buildConfigurations = (
					58D16363DF7BBC31FA518EB9,
					FB74C21313A63DEA88A921F8, ); defaultConfigurationIsVisible = 0; defaultConfigurationName = Debug; };
		EF5F81E63E59153265DF2D67 = {isa = PBXResourcesBuildPhase; buildActionMask = 2147483647; files = (
					27AAFD5B68FDCE7C88823D82, ); runOnlyForDeploymentPostprocessing = 0; };
		9C36955E5D3BCD627ECDA278 = {isa = PBXSourcesBuildPhase; buildActionMask = 2147483647; files = (
					EF7649A6063D03561B0E684B, ); runOnlyForDeploymentPostprocessing = 0; };
		EA3D633BAF8B80688F0CB820 = {isa = PBXFrameworksBuildPhase; buildActionMask = 2147483647; files = (
					6E0DD1C6E9F9D1781BE3B7CA,
					56EE33E6503969A20BCBCE98,
					69E216AACFA4BDBA9338DF2D,
					9C27D2FB1D19683D6C5C2B1D,
					69B5BC103D80A5F241F93A00,
					C399368334DE3C11EA14682D,
					1FFADB748D0C22C0AF3759FE,
					644A8449BB0E93B50863A65C,
					8C190E2BE313CECFA286A1C5,
					1A7458C5BFB0E0068B3D96B2,
					842F6669CE8246851DE0C4FD,
					11EE715B52412AEBC10953BE,
					155814397D49EEE435767854,
					4B49B5BC4FF43D511A55DCC3, ); runOnlyForDeploymentPostprocessing = 0; };
		B3118E6F44C449FE36BD1408 = {isa = PBXNativeTarget; buildConfigurationList = CD5E4311D1496DA72B661BC2; buildPhases = (
					EF5F81E63E59153265DF2D67,
					9C36955E5D3BCD627ECDA278,
					EA3D633BAF8B80688F0CB820, ); buildRules = ( ); dependencies = (
					DB4FDBA40BF3293566CD7BD5, ); name = "SimpleBinauralPanner - VST3"; productName = SimpleBinauralPanner; productReference = 566F321E7D27E55209087107; productType = "com.apple.product-type.bundle"; };
		962F4B326EB4B3AE4779838C = {isa = XCConfigurationList; buildConfigurations = (
					128C56527CCF1993D3464F8A,
					58704BD67748D8EB8FD0B3E6, ); defaultConfigurationIsVisible = 0; defaultConfigurationName = Debug; };
		E2159CDBCD9E88F33DE619B8 = {isa = PBXResourcesBuildPhase; buildActionMask = 2147483647; files = (
					27AAFD5B68FDCE7C88823D82, ); runOnlyForDeploymentPostprocessing = 0; };
		B60A4F8F58B1F0C9889D5EB7 = {isa = PBXRezBuildPhase; buildActionMask = 2147483647; files = (
					999A6F38BD17F3ED6E53E851, ); runOnlyForDeploymentPostprocessing = 0; };
		17E0D6D7EAE6081F1655098E = {isa = PBXSourcesBuildPhase; buildActionMask = 2147483647; files = (
					B15A3E491FAF62AB813A1EEB,
					46649058ED07D7B97C76DD3B, ); runOnlyForDeploymentPostprocessing = 0; };
		F4142FC3A2AFE599EA313BF0 = {isa = PBXFrameworksBuildPhase; buildActionMask = 2147483647; files = (
					6E0DD1C6E9F9D1781BE3B7CA,
					56EE33E6503969A20BCBCE98,
					20C3E0F47C81EF1DB9961E9A,
					69E216AACFA4BDBA9338DF2D,
					9C27D2FB1D19683D6C5C2B1D,
					69B5BC103D80A5F241F93A00,
					C399368334DE3C11EA14682D,
					1FFADB748D0C22C0AF3759FE,
					5DA213ADFE61FDDB95A9FF4C,
					644A8449BB0E93B50863A65C,
					8C190E2BE313CECFA286A1C5,
					1A7458C5BFB0E0068B3D96B2,
					842F6669CE8246851DE0C4FD,
					11EE715B52412AEBC10953BE,
					155814397D49EEE435767854,
					4B49B5BC4FF43D511A55DCC3, ); runOnlyForDeploymentPostprocessing = 0; };
		A6180341320C1C97FAB53AB7 = {isa = PBXNativeTarget; buildConfigurationList = 962F4B326EB4B3AE4779838C; buildPhases = (
					E2159CDBCD9E88F33DE619B8,
					B60A4F8F58B1F0C9889D5EB7,
					17E0D6D7EAE6081F1655098E,
					F4142FC3A2AFE599EA313BF0, ); buildRules = ( ); dependencies = (
					DB4FDBA40BF3293566CD7BD5, ); name = "SimpleBinauralPanner - AU"; productName = SimpleBinauralPanner; productReference = F3F218C5C82F4247F399BFBD; productType = "com.apple.product-type.bundle"; };
		712715A9FAD7BCEA35D7C196 = {isa = XCConfigurationList; buildConfigurations = (
					FD86CFFD7CA0A6D1F9B9BF4C,
					B64D60F150E1226814E07B6B, ); defaultConfigurationIsVisible = 0; defaultConfigurationName = Debug; };
		3E96199B2E9A9B2FD54DE327 = {isa = PBXResourcesBuildPhase; buildActionMask = 2147483647; files = (
					27AAFD5B68FDCE7C88823D82, ); runOnlyForDeploymentPostprocessing = 0; };
		DA960602391D3FCE85F9592A = {isa = PBXSourcesBuildPhase; buildActionMask = 2147483647; files = (
					996AEA59DB39960961D540C5, ); runOnlyForDeploymentPostprocessing = 0; };
		A77A6D2C10083C7ADCD0B4E9 = {isa = PBXFrameworksBuildPhase; buildActionMask = 2147483647; files = (
					6E0DD1C6E9F9D1781BE3B7CA,
					56EE33E6503969A20BCBCE98,
					69E216AACFA4BDBA9338DF2D,
					9C27D2FB1D19683D6C5C2B1D,
					69B5BC103D80A5F241F93A00,
					C399368334DE3C11EA14682D,
					1FFADB748D0C22C0AF3759FE,
					644A8449BB0E93B50863A65C,
					8C190E2BE313CECFA286A1C5,
					1A7458C5BFB0E0068B3D96B2,
					842F6669CE8246851DE0C4FD,
					11EE715B52412AEBC10953BE,
					155814397D49EEE435767854,
					4B49B5BC4FF43D511A55DCC3, ); runOnlyForDeploymentPostprocessing = 0; };
		21D8864E04E90112B32D40F3 = {isa = PBXNativeTarget; buildConfigurationList = 712715A9FAD7BCEA35D7C196; buildPhases = (
					3E96199B2E9A9B2FD54DE327,
					DA960602391D3FCE85F9592A,
					A77A6D2C10083C7ADCD0B4E9, ); buildRules = ( ); dependencies = (
					DB4FDBA40BF3293566CD7BD5, ); name = "SimpleBinauralPanner - Standalone Plugin"; productName = SimpleBinauralPanner; productReference = 778C933B7D4EBBFFCFB483A5; productType = "com.apple.product-type.application"; };
		07247B1F5B1611E0AC2E46C1 = {isa = XCConfigurationList; buildConfigurations = (
					22361CA62AF1120EF5781C47,
					00DF27408E21C9507A1DA846, ); defaultConfigurationIsVisible = 0; defaultConfigurationName = Debug; };
		8E5E0FA24BCBCF5C73D4948B = {isa = PBXSourcesBuildPhase; buildActionMask = 2147483647; files = (
					47B92FE28AFA35B2C56B4E3E,
					F93C7058484F78C1A2E1A9C9,
					256299121384A26AF178CF91,
					DC727F126C4EBB1A9B34D06A,
					4B9692CC98E00C6BBDE96719,
					2FC44BC3685FA7C9E57DC335,
					FDA9303C099B8F63B3576441,
					229C68904C1F85AF3BEC2C0F,
					24DBF1122C40CF685EC682A8,
					6F0A3E89836CD8DED11C9039,
					E3F9C3D6D784D44B0C92F207,
					D1430F9D45377F062419FAE5,
					9EDD8CC96974C92CE8335497,
					EB49C99A10E5466E49AB0E3F,
					0A6CF59C9A045A30A793620C,
					541C245050C625A5A8CB5E9C,
					94D2FAC6C364543E9FE1AACF,
					2A18093CCD7D7583C0692556,
					83E107F8918C1B40CA84A138,
					AED0C95EC51BF00099FF1476, ); runOnlyForDeploymentPostprocessing = 0; };
		1F5884712F1E46FC2EDF3757 = {isa = PBXNativeTarget; buildConfigurationList = 07247B1F5B1611E0AC2E46C1; buildPhases = (
					8E5E0FA24BCBCF5C73D4948B, ); buildRules = ( ); dependencies = (  ); name = "SimpleBinauralPanner - Shared Code"; productName = SimpleBinauralPanner; productReference = E9A7332809735873AE6D2F96; productType = "com.apple.product-type.library.static"; };
		A256F0C875F7ECE3393ECF24 = {isa = PBXProject; buildConfigurationList = 0191F14BBE6E7632C9D771CE; attributes = { LastUpgradeCheck = 0830; ORGANIZATIONNAME = ""; TargetAttributes = { BDB4DD25B9D8B0D86E4CC4A6 = { SystemCapabilities = {com.apple.ApplicationGroups.iOS = { enabled = 0; }; com.apple.InAppPurchase = { enabled = 0; }; com.apple.InterAppAudio = { enabled = 0; }; com.apple.Push = { enabled = 0; }; com.apple.Sandbox = { enabled = 0; }; }; };B7284BEED6B50343E58D093E = { SystemCapabilities = {com.apple.ApplicationGroups.iOS = { enabled = 0; }; com.apple.InAppPurchase = { enabled = 0; }; com.apple.InterAppAudio = { enabled = 0; }; com.apple.Push = { enabled = 0; }; com.apple.Sandbox = { enabled = 0; }; }; };B3118E6F44C449FE36BD1408 = { SystemCapabilities = {com.apple.ApplicationGroups.iOS = { enabled = 0; }; com.apple.InAppPurchase = { enabled = 0; }; com.apple.InterAppAudio = { enabled = 0; }; com.apple.Push = { enabled = 0; }; com.apple.Sandbox = { enabled = 0; }; }; };A6180341320C1C97FAB53AB7 = { SystemCapabilities = {com.apple.ApplicationGroups.iOS = { enabled = 0; }; com.apple.InAppPurchase = { enabled = 0; }; com.apple.InterAppAudio = { enabled = 0; }; com.apple.Push = { enabled = 0; }; com.apple.Sandbox = { enabled = 0; }; }; };21D8864E04E90112B32D40F3 = { SystemCapabilities = {com.apple.ApplicationGroups.iOS = { enabled = 0; }; com.apple.InAppPurchase = { enabled = 0; }; com.apple.InterAppAudio = { enabled = 0; }; com.apple.Push = { enabled = 0; }; com.apple.Sandbox = { enabled = 0; }; }; };1F5884712F1E46FC2EDF3757 = { SystemCapabilities = {com.apple.ApplicationGroups.iOS = { enabled = 0; }; com.apple.InAppPurchase = { enabled = 0; }; com.apple.InterAppAudio = { enabled = 0; }; com.apple.Push = { enabled = 0; }; com.apple.Sandbox = { enabled = 0; }; }; }; }; }; compatibilityVersion = "Xcode 3.2"; hasScannedForEncodings = 0; mainGroup = 6880960DD0F0EBBA1317FBD9; projectDirPath = ""; projectRoot = ""; targets = (BDB4DD25B9D8B0D86E4CC4A6, B7284BEED6B50343E58D093E, B3118E6F44C449FE36BD1408, A6180341320C1C97FAB53AB7, 21D8864E04E90112B32D40F3, 1F5884712F1E46FC2EDF3757); };
	};
	rootObject = A256F0C875F7ECE3393ECF24;
}
